{
  "name": "another-boring-react-boilerplate",
  "version": "0.0.1",
  "lockfileVersion": 1,
  "requires": true,
  "dependencies": {
    "css-mediaquery": {
      "version": "0.1.2",
      "resolved": "https://registry.npmjs.org/css-mediaquery/-/css-mediaquery-0.1.2.tgz",
      "integrity": "sha1-aiw3NEkoYYYxxUvTPO3TAdoYvqA="
    },
    "hyphenate-style-name": {
      "version": "1.0.2",
      "resolved": "https://registry.npmjs.org/hyphenate-style-name/-/hyphenate-style-name-1.0.2.tgz",
      "integrity": "sha1-MRYKNpMK2vH8BMYHT360FGXU7Es="
    },
    "matchmediaquery": {
      "version": "0.2.1",
      "resolved": "https://registry.npmjs.org/matchmediaquery/-/matchmediaquery-0.2.1.tgz",
      "integrity": "sha1-IjxwBXk94D5HzpKxMoWnLEStos8=",
      "requires": {
        "css-mediaquery": "0.1.2"
      }
    },
    "object-assign": {
      "version": "4.1.1",
      "resolved": "https://registry.npmjs.org/object-assign/-/object-assign-4.1.1.tgz",
      "integrity": "sha1-IQmtx5ZYh8/AXLvUQsrIv7s2CGM="
    },
    "react-responsive": {
      "version": "4.0.3",
      "resolved": "https://registry.npmjs.org/react-responsive/-/react-responsive-4.0.3.tgz",
      "integrity": "sha512-xHGZqFEyQhwuJdlAS98EOzVWqOA4W95PSQYhJ7bSw4TOz3kapc0IOU8ZdKyfZUeXJ6L8yo2YoiT34YeaKQxsEg==",
      "requires": {
        "hyphenate-style-name": "1.0.2",
        "matchmediaquery": "0.2.1"
      }
    }
  }
}
